// !$*UTF8*$!
{
	archiveVersion = 1;
	classes = {
	};
	objectVersion = 55;
	objects = {

/* Begin PBXBuildFile section */
		5E93BB0128410FBC00DD3FF4 /* Color.swift in Sources */ = {isa = PBXBuildFile; fileRef = 5E93BB0028410FBC00DD3FF4 /* Color.swift */; };
		5E93BB0228410FBC00DD3FF4 /* Color.swift in Sources */ = {isa = PBXBuildFile; fileRef = 5E93BB0028410FBC00DD3FF4 /* Color.swift */; };
		5EC24AFB283611D9005DBD12 /* ProductCardView.swift in Sources */ = {isa = PBXBuildFile; fileRef = 5EC24AFA283611D9005DBD12 /* ProductCardView.swift */; };
		5EC24AFC283611D9005DBD12 /* ProductCardView.swift in Sources */ = {isa = PBXBuildFile; fileRef = 5EC24AFA283611D9005DBD12 /* ProductCardView.swift */; };
		5EE1A7D728376E6800F1757F /* CornerRadiusView.swift in Sources */ = {isa = PBXBuildFile; fileRef = 5EE1A7D628376E6800F1757F /* CornerRadiusView.swift */; };
		5EE1A7D828376E6800F1757F /* CornerRadiusView.swift in Sources */ = {isa = PBXBuildFile; fileRef = 5EE1A7D628376E6800F1757F /* CornerRadiusView.swift */; };
		5EE1A7DA283774B200F1757F /* TitleView.swift in Sources */ = {isa = PBXBuildFile; fileRef = 5EE1A7D9283774B200F1757F /* TitleView.swift */; };
		5EE1A7DB283774B200F1757F /* TitleView.swift in Sources */ = {isa = PBXBuildFile; fileRef = 5EE1A7D9283774B200F1757F /* TitleView.swift */; };
		5EE1A7E02838279400F1757F /* EachSectionCardView.swift in Sources */ = {isa = PBXBuildFile; fileRef = 5EE1A7DF2838279300F1757F /* EachSectionCardView.swift */; };
		5EE1A7E12838279400F1757F /* EachSectionCardView.swift in Sources */ = {isa = PBXBuildFile; fileRef = 5EE1A7DF2838279300F1757F /* EachSectionCardView.swift */; };
		5EE1A7E82838E68000F1757F /* CategoryTitleView.swift in Sources */ = {isa = PBXBuildFile; fileRef = 5EE1A7E72838E68000F1757F /* CategoryTitleView.swift */; };
		5EE1A7E92838E68000F1757F /* CategoryTitleView.swift in Sources */ = {isa = PBXBuildFile; fileRef = 5EE1A7E72838E68000F1757F /* CategoryTitleView.swift */; };
		5EE1BD29282263C0004513A2 /* Tests_iOS.swift in Sources */ = {isa = PBXBuildFile; fileRef = 5EE1BD28282263C0004513A2 /* Tests_iOS.swift */; };
		5EE1BD2B282263C0004513A2 /* Tests_iOSLaunchTests.swift in Sources */ = {isa = PBXBuildFile; fileRef = 5EE1BD2A282263C0004513A2 /* Tests_iOSLaunchTests.swift */; };
		5EE1BD35282263C0004513A2 /* Tests_macOS.swift in Sources */ = {isa = PBXBuildFile; fileRef = 5EE1BD34282263C0004513A2 /* Tests_macOS.swift */; };
		5EE1BD37282263C0004513A2 /* Tests_macOSLaunchTests.swift in Sources */ = {isa = PBXBuildFile; fileRef = 5EE1BD36282263C0004513A2 /* Tests_macOSLaunchTests.swift */; };
		5EE1BD38282263C0004513A2 /* Ditt_preApp.swift in Sources */ = {isa = PBXBuildFile; fileRef = 5EE1BD10282263BE004513A2 /* Ditt_preApp.swift */; };
		5EE1BD39282263C0004513A2 /* Ditt_preApp.swift in Sources */ = {isa = PBXBuildFile; fileRef = 5EE1BD10282263BE004513A2 /* Ditt_preApp.swift */; };
		5EE1BD3A282263C0004513A2 /* MainView.swift in Sources */ = {isa = PBXBuildFile; fileRef = 5EE1BD11282263BE004513A2 /* MainView.swift */; };
		5EE1BD3B282263C0004513A2 /* MainView.swift in Sources */ = {isa = PBXBuildFile; fileRef = 5EE1BD11282263BE004513A2 /* MainView.swift */; };
		5EE1BD3C282263C0004513A2 /* Assets.xcassets in Resources */ = {isa = PBXBuildFile; fileRef = 5EE1BD12282263C0004513A2 /* Assets.xcassets */; };
		5EE1BD3D282263C0004513A2 /* Assets.xcassets in Resources */ = {isa = PBXBuildFile; fileRef = 5EE1BD12282263C0004513A2 /* Assets.xcassets */; };
		5EE1BD4D282269B9004513A2 /* ProductsListView.swift in Sources */ = {isa = PBXBuildFile; fileRef = 5EE1BD4C282269B9004513A2 /* ProductsListView.swift */; };
		5EE1BD4E282269B9004513A2 /* ProductsListView.swift in Sources */ = {isa = PBXBuildFile; fileRef = 5EE1BD4C282269B9004513A2 /* ProductsListView.swift */; };
		5EE1BD5028227003004513A2 /* Datamodel.swift in Sources */ = {isa = PBXBuildFile; fileRef = 5EE1BD4F28227003004513A2 /* Datamodel.swift */; };
		5EE1BD5128227003004513A2 /* Datamodel.swift in Sources */ = {isa = PBXBuildFile; fileRef = 5EE1BD4F28227003004513A2 /* Datamodel.swift */; };
		5EE1BD5528227561004513A2 /* Product+Mock.swift in Sources */ = {isa = PBXBuildFile; fileRef = 5EE1BD5428227561004513A2 /* Product+Mock.swift */; };
		5EE1BD5628227561004513A2 /* Product+Mock.swift in Sources */ = {isa = PBXBuildFile; fileRef = 5EE1BD5428227561004513A2 /* Product+Mock.swift */; };
		5EE1BD5B282282CD004513A2 /* ProductDetailView.swift in Sources */ = {isa = PBXBuildFile; fileRef = 5EE1BD5A282282CD004513A2 /* ProductDetailView.swift */; };
		5EE1BD5C282282CD004513A2 /* ProductDetailView.swift in Sources */ = {isa = PBXBuildFile; fileRef = 5EE1BD5A282282CD004513A2 /* ProductDetailView.swift */; };
		5EE1BD5F2822E11F004513A2 /* URLImage.swift in Sources */ = {isa = PBXBuildFile; fileRef = 5EE1BD5E2822E11F004513A2 /* URLImage.swift */; };
		5EE1BD602822E11F004513A2 /* URLImage.swift in Sources */ = {isa = PBXBuildFile; fileRef = 5EE1BD5E2822E11F004513A2 /* URLImage.swift */; };
		5EE1BD622822E147004513A2 /* ImageDownloder.swift in Sources */ = {isa = PBXBuildFile; fileRef = 5EE1BD612822E147004513A2 /* ImageDownloder.swift */; };
		5EE1BD632822E147004513A2 /* ImageDownloder.swift in Sources */ = {isa = PBXBuildFile; fileRef = 5EE1BD612822E147004513A2 /* ImageDownloder.swift */; };
/* End PBXBuildFile section */

/* Begin PBXContainerItemProxy section */
		5EE1BD25282263C0004513A2 /* PBXContainerItemProxy */ = {
			isa = PBXContainerItemProxy;
			containerPortal = 5EE1BD0B282263BE004513A2 /* Project object */;
			proxyType = 1;
			remoteGlobalIDString = 5EE1BD16282263C0004513A2;
			remoteInfo = "ditt_pre (iOS)";
		};
		5EE1BD31282263C0004513A2 /* PBXContainerItemProxy */ = {
			isa = PBXContainerItemProxy;
			containerPortal = 5EE1BD0B282263BE004513A2 /* Project object */;
			proxyType = 1;
			remoteGlobalIDString = 5EE1BD1C282263C0004513A2;
			remoteInfo = "ditt_pre (macOS)";
		};
/* End PBXContainerItemProxy section */

/* Begin PBXFileReference section */
		5E93BB0028410FBC00DD3FF4 /* Color.swift */ = {isa = PBXFileReference; lastKnownFileType = sourcecode.swift; path = Color.swift; sourceTree = "<group>"; };
		5EC24AFA283611D9005DBD12 /* ProductCardView.swift */ = {isa = PBXFileReference; lastKnownFileType = sourcecode.swift; path = ProductCardView.swift; sourceTree = "<group>"; tabWidth = 4; };
		5EE1A7D628376E6800F1757F /* CornerRadiusView.swift */ = {isa = PBXFileReference; lastKnownFileType = sourcecode.swift; path = CornerRadiusView.swift; sourceTree = "<group>"; };
		5EE1A7D9283774B200F1757F /* TitleView.swift */ = {isa = PBXFileReference; lastKnownFileType = sourcecode.swift; path = TitleView.swift; sourceTree = "<group>"; };
		5EE1A7DF2838279300F1757F /* EachSectionCardView.swift */ = {isa = PBXFileReference; lastKnownFileType = sourcecode.swift; path = EachSectionCardView.swift; sourceTree = "<group>"; };
		5EE1A7E72838E68000F1757F /* CategoryTitleView.swift */ = {isa = PBXFileReference; lastKnownFileType = sourcecode.swift; path = CategoryTitleView.swift; sourceTree = "<group>"; };
		5EE1BD10282263BE004513A2 /* Ditt_preApp.swift */ = {isa = PBXFileReference; lastKnownFileType = sourcecode.swift; path = Ditt_preApp.swift; sourceTree = "<group>"; };
		5EE1BD11282263BE004513A2 /* MainView.swift */ = {isa = PBXFileReference; lastKnownFileType = sourcecode.swift; path = MainView.swift; sourceTree = "<group>"; };
		5EE1BD12282263C0004513A2 /* Assets.xcassets */ = {isa = PBXFileReference; lastKnownFileType = folder.assetcatalog; path = Assets.xcassets; sourceTree = "<group>"; };
		5EE1BD17282263C0004513A2 /* ditt_pre.app */ = {isa = PBXFileReference; explicitFileType = wrapper.application; includeInIndex = 0; path = ditt_pre.app; sourceTree = BUILT_PRODUCTS_DIR; };
		5EE1BD1D282263C0004513A2 /* ditt_pre.app */ = {isa = PBXFileReference; explicitFileType = wrapper.application; includeInIndex = 0; path = ditt_pre.app; sourceTree = BUILT_PRODUCTS_DIR; };
		5EE1BD1F282263C0004513A2 /* macOS.entitlements */ = {isa = PBXFileReference; lastKnownFileType = text.plist.entitlements; path = macOS.entitlements; sourceTree = "<group>"; };
		5EE1BD24282263C0004513A2 /* Tests iOS.xctest */ = {isa = PBXFileReference; explicitFileType = wrapper.cfbundle; includeInIndex = 0; path = "Tests iOS.xctest"; sourceTree = BUILT_PRODUCTS_DIR; };
		5EE1BD28282263C0004513A2 /* Tests_iOS.swift */ = {isa = PBXFileReference; lastKnownFileType = sourcecode.swift; path = Tests_iOS.swift; sourceTree = "<group>"; };
		5EE1BD2A282263C0004513A2 /* Tests_iOSLaunchTests.swift */ = {isa = PBXFileReference; lastKnownFileType = sourcecode.swift; path = Tests_iOSLaunchTests.swift; sourceTree = "<group>"; };
		5EE1BD30282263C0004513A2 /* Tests macOS.xctest */ = {isa = PBXFileReference; explicitFileType = wrapper.cfbundle; includeInIndex = 0; path = "Tests macOS.xctest"; sourceTree = BUILT_PRODUCTS_DIR; };
		5EE1BD34282263C0004513A2 /* Tests_macOS.swift */ = {isa = PBXFileReference; lastKnownFileType = sourcecode.swift; path = Tests_macOS.swift; sourceTree = "<group>"; };
		5EE1BD36282263C0004513A2 /* Tests_macOSLaunchTests.swift */ = {isa = PBXFileReference; lastKnownFileType = sourcecode.swift; path = Tests_macOSLaunchTests.swift; sourceTree = "<group>"; };
		5EE1BD4C282269B9004513A2 /* ProductsListView.swift */ = {isa = PBXFileReference; lastKnownFileType = sourcecode.swift; path = ProductsListView.swift; sourceTree = "<group>"; };
		5EE1BD4F28227003004513A2 /* Datamodel.swift */ = {isa = PBXFileReference; lastKnownFileType = sourcecode.swift; path = Datamodel.swift; sourceTree = "<group>"; };
		5EE1BD5428227561004513A2 /* Product+Mock.swift */ = {isa = PBXFileReference; lastKnownFileType = sourcecode.swift; path = "Product+Mock.swift"; sourceTree = "<group>"; };
		5EE1BD5A282282CD004513A2 /* ProductDetailView.swift */ = {isa = PBXFileReference; lastKnownFileType = sourcecode.swift; path = ProductDetailView.swift; sourceTree = "<group>"; };
		5EE1BD5E2822E11F004513A2 /* URLImage.swift */ = {isa = PBXFileReference; lastKnownFileType = sourcecode.swift; path = URLImage.swift; sourceTree = "<group>"; };
		5EE1BD612822E147004513A2 /* ImageDownloder.swift */ = {isa = PBXFileReference; lastKnownFileType = sourcecode.swift; path = ImageDownloder.swift; sourceTree = "<group>"; };
/* End PBXFileReference section */

/* Begin PBXFrameworksBuildPhase section */
		5EE1BD14282263C0004513A2 /* Frameworks */ = {
			isa = PBXFrameworksBuildPhase;
			buildActionMask = 2147483647;
			files = (
			);
			runOnlyForDeploymentPostprocessing = 0;
		};
		5EE1BD1A282263C0004513A2 /* Frameworks */ = {
			isa = PBXFrameworksBuildPhase;
			buildActionMask = 2147483647;
			files = (
			);
			runOnlyForDeploymentPostprocessing = 0;
		};
		5EE1BD21282263C0004513A2 /* Frameworks */ = {
			isa = PBXFrameworksBuildPhase;
			buildActionMask = 2147483647;
			files = (
			);
			runOnlyForDeploymentPostprocessing = 0;
		};
		5EE1BD2D282263C0004513A2 /* Frameworks */ = {
			isa = PBXFrameworksBuildPhase;
			buildActionMask = 2147483647;
			files = (
			);
			runOnlyForDeploymentPostprocessing = 0;
		};
/* End PBXFrameworksBuildPhase section */

/* Begin PBXGroup section */
		5E44DCBF283DCCB3000A1772 /* Util */ = {
			isa = PBXGroup;
			children = (
				5EE1BD5E2822E11F004513A2 /* URLImage.swift */,
				5EE1BD612822E147004513A2 /* ImageDownloder.swift */,
			);
			path = Util;
			sourceTree = "<group>";
		};
		5E44DCC0283DCCC8000A1772 /* Main */ = {
			isa = PBXGroup;
			children = (
				5EE1BD11282263BE004513A2 /* MainView.swift */,
			);
			path = Main;
			sourceTree = "<group>";
		};
		5E44DCC1283DCCD3000A1772 /* Model */ = {
			isa = PBXGroup;
			children = (
				5EE1BD4F28227003004513A2 /* Datamodel.swift */,
			);
			path = Model;
			sourceTree = "<group>";
		};
		5E44DCC2283DCCE0000A1772 /* App */ = {
			isa = PBXGroup;
			children = (
				5EE1BD10282263BE004513A2 /* Ditt_preApp.swift */,
			);
			path = App;
			sourceTree = "<group>";
		};
		5E44DCC3283DCCE8000A1772 /* Assets */ = {
			isa = PBXGroup;
			children = (
				5EE1BD12282263C0004513A2 /* Assets.xcassets */,
			);
			path = Assets;
			sourceTree = "<group>";
		};
		5E93BAFF28410F6700DD3FF4 /* Color */ = {
			isa = PBXGroup;
			children = (
				5E93BB0028410FBC00DD3FF4 /* Color.swift */,
			);
			path = Color;
			sourceTree = "<group>";
		};
		5E93BB07284200B700DD3FF4 /* Modifier */ = {
			isa = PBXGroup;
			children = (
				5EE1A7D628376E6800F1757F /* CornerRadiusView.swift */,
			);
			path = Modifier;
			sourceTree = "<group>";
		};
		5EE1A7E328389D3000F1757F /* Title */ = {
			isa = PBXGroup;
			children = (
				5EE1A7D9283774B200F1757F /* TitleView.swift */,
			);
			path = Title;
			sourceTree = "<group>";
		};
		5EE1A7E528389D5E00F1757F /* List */ = {
			isa = PBXGroup;
			children = (
				5EE1BD4C282269B9004513A2 /* ProductsListView.swift */,
				5EC24AFA283611D9005DBD12 /* ProductCardView.swift */,
			);
			path = List;
			sourceTree = "<group>";
		};
		5EE1A7E628389D7F00F1757F /* Detail */ = {
			isa = PBXGroup;
			children = (
				5EE1BD5A282282CD004513A2 /* ProductDetailView.swift */,
				5EE1A7DF2838279300F1757F /* EachSectionCardView.swift */,
				5EE1A7E72838E68000F1757F /* CategoryTitleView.swift */,
			);
			path = Detail;
			sourceTree = "<group>";
		};
		5EE1BD0A282263BE004513A2 = {
			isa = PBXGroup;
			children = (
				5EE1BD0F282263BE004513A2 /* Shared */,
				5EE1BD1E282263C0004513A2 /* macOS */,
				5EE1BD27282263C0004513A2 /* Tests iOS */,
				5EE1BD33282263C0004513A2 /* Tests macOS */,
				5EE1BD18282263C0004513A2 /* Products */,
			);
			sourceTree = "<group>";
		};
		5EE1BD0F282263BE004513A2 /* Shared */ = {
			isa = PBXGroup;
			children = (
				5E93BB07284200B700DD3FF4 /* Modifier */,
				5E93BAFF28410F6700DD3FF4 /* Color */,
				5E44DCC2283DCCE0000A1772 /* App */,
				5EE1BD5D282282D7004513A2 /* View */,
				5EE1BD5328227539004513A2 /* Mocks */,
				5E44DCC1283DCCD3000A1772 /* Model */,
				5E44DCC3283DCCE8000A1772 /* Assets */,
				5E44DCBF283DCCB3000A1772 /* Util */,
			);
			path = Shared;
			sourceTree = "<group>";
		};
		5EE1BD18282263C0004513A2 /* Products */ = {
			isa = PBXGroup;
			children = (
				5EE1BD17282263C0004513A2 /* ditt_pre.app */,
				5EE1BD1D282263C0004513A2 /* ditt_pre.app */,
				5EE1BD24282263C0004513A2 /* Tests iOS.xctest */,
				5EE1BD30282263C0004513A2 /* Tests macOS.xctest */,
			);
			name = Products;
			sourceTree = "<group>";
		};
		5EE1BD1E282263C0004513A2 /* macOS */ = {
			isa = PBXGroup;
			children = (
				5EE1BD1F282263C0004513A2 /* macOS.entitlements */,
			);
			path = macOS;
			sourceTree = "<group>";
		};
		5EE1BD27282263C0004513A2 /* Tests iOS */ = {
			isa = PBXGroup;
			children = (
				5EE1BD28282263C0004513A2 /* Tests_iOS.swift */,
				5EE1BD2A282263C0004513A2 /* Tests_iOSLaunchTests.swift */,
			);
			path = "Tests iOS";
			sourceTree = "<group>";
		};
		5EE1BD33282263C0004513A2 /* Tests macOS */ = {
			isa = PBXGroup;
			children = (
				5EE1BD34282263C0004513A2 /* Tests_macOS.swift */,
				5EE1BD36282263C0004513A2 /* Tests_macOSLaunchTests.swift */,
			);
			path = "Tests macOS";
			sourceTree = "<group>";
		};
		5EE1BD5328227539004513A2 /* Mocks */ = {
			isa = PBXGroup;
			children = (
				5EE1BD5428227561004513A2 /* Product+Mock.swift */,
			);
			path = Mocks;
			sourceTree = "<group>";
		};
		5EE1BD5D282282D7004513A2 /* View */ = {
			isa = PBXGroup;
			children = (
				5E44DCC0283DCCC8000A1772 /* Main */,
				5EE1A7E328389D3000F1757F /* Title */,
				5EE1A7E528389D5E00F1757F /* List */,
				5EE1A7E628389D7F00F1757F /* Detail */,
			);
			path = View;
			sourceTree = "<group>";
		};
/* End PBXGroup section */

/* Begin PBXNativeTarget section */
		5EE1BD16282263C0004513A2 /* ditt_pre (iOS) */ = {
			isa = PBXNativeTarget;
			buildConfigurationList = 5EE1BD40282263C0004513A2 /* Build configuration list for PBXNativeTarget "ditt_pre (iOS)" */;
			buildPhases = (
				5EE1BD13282263C0004513A2 /* Sources */,
				5EE1BD14282263C0004513A2 /* Frameworks */,
				5EE1BD15282263C0004513A2 /* Resources */,
			);
			buildRules = (
			);
			dependencies = (
			);
			name = "ditt_pre (iOS)";
			productName = "ditt_pre (iOS)";
			productReference = 5EE1BD17282263C0004513A2 /* ditt_pre.app */;
			productType = "com.apple.product-type.application";
		};
		5EE1BD1C282263C0004513A2 /* ditt_pre (macOS) */ = {
			isa = PBXNativeTarget;
			buildConfigurationList = 5EE1BD43282263C0004513A2 /* Build configuration list for PBXNativeTarget "ditt_pre (macOS)" */;
			buildPhases = (
				5EE1BD19282263C0004513A2 /* Sources */,
				5EE1BD1A282263C0004513A2 /* Frameworks */,
				5EE1BD1B282263C0004513A2 /* Resources */,
			);
			buildRules = (
			);
			dependencies = (
			);
			name = "ditt_pre (macOS)";
			productName = "ditt_pre (macOS)";
			productReference = 5EE1BD1D282263C0004513A2 /* ditt_pre.app */;
			productType = "com.apple.product-type.application";
		};
		5EE1BD23282263C0004513A2 /* Tests iOS */ = {
			isa = PBXNativeTarget;
			buildConfigurationList = 5EE1BD46282263C0004513A2 /* Build configuration list for PBXNativeTarget "Tests iOS" */;
			buildPhases = (
				5EE1BD20282263C0004513A2 /* Sources */,
				5EE1BD21282263C0004513A2 /* Frameworks */,
				5EE1BD22282263C0004513A2 /* Resources */,
			);
			buildRules = (
			);
			dependencies = (
				5EE1BD26282263C0004513A2 /* PBXTargetDependency */,
			);
			name = "Tests iOS";
			productName = "Tests iOS";
			productReference = 5EE1BD24282263C0004513A2 /* Tests iOS.xctest */;
			productType = "com.apple.product-type.bundle.ui-testing";
		};
		5EE1BD2F282263C0004513A2 /* Tests macOS */ = {
			isa = PBXNativeTarget;
			buildConfigurationList = 5EE1BD49282263C0004513A2 /* Build configuration list for PBXNativeTarget "Tests macOS" */;
			buildPhases = (
				5EE1BD2C282263C0004513A2 /* Sources */,
				5EE1BD2D282263C0004513A2 /* Frameworks */,
				5EE1BD2E282263C0004513A2 /* Resources */,
			);
			buildRules = (
			);
			dependencies = (
				5EE1BD32282263C0004513A2 /* PBXTargetDependency */,
			);
			name = "Tests macOS";
			productName = "Tests macOS";
			productReference = 5EE1BD30282263C0004513A2 /* Tests macOS.xctest */;
			productType = "com.apple.product-type.bundle.ui-testing";
		};
/* End PBXNativeTarget section */

/* Begin PBXProject section */
		5EE1BD0B282263BE004513A2 /* Project object */ = {
			isa = PBXProject;
			attributes = {
				BuildIndependentTargetsInParallel = 1;
				LastSwiftUpdateCheck = 1330;
				LastUpgradeCheck = 1330;
				TargetAttributes = {
					5EE1BD16282263C0004513A2 = {
						CreatedOnToolsVersion = 13.3.1;
					};
					5EE1BD1C282263C0004513A2 = {
						CreatedOnToolsVersion = 13.3.1;
					};
					5EE1BD23282263C0004513A2 = {
						CreatedOnToolsVersion = 13.3.1;
						TestTargetID = 5EE1BD16282263C0004513A2;
					};
					5EE1BD2F282263C0004513A2 = {
						CreatedOnToolsVersion = 13.3.1;
						TestTargetID = 5EE1BD1C282263C0004513A2;
					};
				};
			};
			buildConfigurationList = 5EE1BD0E282263BE004513A2 /* Build configuration list for PBXProject "ditt_pre" */;
			compatibilityVersion = "Xcode 13.0";
			developmentRegion = en;
			hasScannedForEncodings = 0;
			knownRegions = (
				en,
				Base,
			);
			mainGroup = 5EE1BD0A282263BE004513A2;
			productRefGroup = 5EE1BD18282263C0004513A2 /* Products */;
			projectDirPath = "";
			projectRoot = "";
			targets = (
				5EE1BD16282263C0004513A2 /* ditt_pre (iOS) */,
				5EE1BD1C282263C0004513A2 /* ditt_pre (macOS) */,
				5EE1BD23282263C0004513A2 /* Tests iOS */,
				5EE1BD2F282263C0004513A2 /* Tests macOS */,
			);
		};
/* End PBXProject section */

/* Begin PBXResourcesBuildPhase section */
		5EE1BD15282263C0004513A2 /* Resources */ = {
			isa = PBXResourcesBuildPhase;
			buildActionMask = 2147483647;
			files = (
				5EE1BD3C282263C0004513A2 /* Assets.xcassets in Resources */,
			);
			runOnlyForDeploymentPostprocessing = 0;
		};
		5EE1BD1B282263C0004513A2 /* Resources */ = {
			isa = PBXResourcesBuildPhase;
			buildActionMask = 2147483647;
			files = (
				5EE1BD3D282263C0004513A2 /* Assets.xcassets in Resources */,
			);
			runOnlyForDeploymentPostprocessing = 0;
		};
		5EE1BD22282263C0004513A2 /* Resources */ = {
			isa = PBXResourcesBuildPhase;
			buildActionMask = 2147483647;
			files = (
			);
			runOnlyForDeploymentPostprocessing = 0;
		};
		5EE1BD2E282263C0004513A2 /* Resources */ = {
			isa = PBXResourcesBuildPhase;
			buildActionMask = 2147483647;
			files = (
			);
			runOnlyForDeploymentPostprocessing = 0;
		};
/* End PBXResourcesBuildPhase section */

/* Begin PBXSourcesBuildPhase section */
		5EE1BD13282263C0004513A2 /* Sources */ = {
			isa = PBXSourcesBuildPhase;
			buildActionMask = 2147483647;
			files = (
				5EE1BD622822E147004513A2 /* ImageDownloder.swift in Sources */,
				5EE1A7E82838E68000F1757F /* CategoryTitleView.swift in Sources */,
				5EE1BD5F2822E11F004513A2 /* URLImage.swift in Sources */,
				5EE1A7D728376E6800F1757F /* CornerRadiusView.swift in Sources */,
				5EE1BD5528227561004513A2 /* Product+Mock.swift in Sources */,
				5EE1BD5B282282CD004513A2 /* ProductDetailView.swift in Sources */,
				5EE1A7E02838279400F1757F /* EachSectionCardView.swift in Sources */,
				5EE1BD3A282263C0004513A2 /* MainView.swift in Sources */,
				5EE1BD5028227003004513A2 /* Datamodel.swift in Sources */,
				5E93BB0128410FBC00DD3FF4 /* Color.swift in Sources */,
				5EC24AFB283611D9005DBD12 /* ProductCardView.swift in Sources */,
				5EE1A7DA283774B200F1757F /* TitleView.swift in Sources */,
				5EE1BD4D282269B9004513A2 /* ProductsListView.swift in Sources */,
				5EE1BD38282263C0004513A2 /* Ditt_preApp.swift in Sources */,
			);
			runOnlyForDeploymentPostprocessing = 0;
		};
		5EE1BD19282263C0004513A2 /* Sources */ = {
			isa = PBXSourcesBuildPhase;
			buildActionMask = 2147483647;
			files = (
				5EE1BD632822E147004513A2 /* ImageDownloder.swift in Sources */,
				5EE1A7E92838E68000F1757F /* CategoryTitleView.swift in Sources */,
				5EE1BD602822E11F004513A2 /* URLImage.swift in Sources */,
				5EE1A7D828376E6800F1757F /* CornerRadiusView.swift in Sources */,
				5EE1BD5628227561004513A2 /* Product+Mock.swift in Sources */,
				5EE1BD5C282282CD004513A2 /* ProductDetailView.swift in Sources */,
				5EE1A7E12838279400F1757F /* EachSectionCardView.swift in Sources */,
				5EE1BD3B282263C0004513A2 /* MainView.swift in Sources */,
				5EE1BD5128227003004513A2 /* Datamodel.swift in Sources */,
				5E93BB0228410FBC00DD3FF4 /* Color.swift in Sources */,
				5EC24AFC283611D9005DBD12 /* ProductCardView.swift in Sources */,
				5EE1A7DB283774B200F1757F /* TitleView.swift in Sources */,
				5EE1BD4E282269B9004513A2 /* ProductsListView.swift in Sources */,
				5EE1BD39282263C0004513A2 /* Ditt_preApp.swift in Sources */,
			);
			runOnlyForDeploymentPostprocessing = 0;
		};
		5EE1BD20282263C0004513A2 /* Sources */ = {
			isa = PBXSourcesBuildPhase;
			buildActionMask = 2147483647;
			files = (
				5EE1BD2B282263C0004513A2 /* Tests_iOSLaunchTests.swift in Sources */,
				5EE1BD29282263C0004513A2 /* Tests_iOS.swift in Sources */,
			);
			runOnlyForDeploymentPostprocessing = 0;
		};
		5EE1BD2C282263C0004513A2 /* Sources */ = {
			isa = PBXSourcesBuildPhase;
			buildActionMask = 2147483647;
			files = (
				5EE1BD37282263C0004513A2 /* Tests_macOSLaunchTests.swift in Sources */,
				5EE1BD35282263C0004513A2 /* Tests_macOS.swift in Sources */,
			);
			runOnlyForDeploymentPostprocessing = 0;
		};
/* End PBXSourcesBuildPhase section */

/* Begin PBXTargetDependency section */
		5EE1BD26282263C0004513A2 /* PBXTargetDependency */ = {
			isa = PBXTargetDependency;
			target = 5EE1BD16282263C0004513A2 /* ditt_pre (iOS) */;
			targetProxy = 5EE1BD25282263C0004513A2 /* PBXContainerItemProxy */;
		};
		5EE1BD32282263C0004513A2 /* PBXTargetDependency */ = {
			isa = PBXTargetDependency;
			target = 5EE1BD1C282263C0004513A2 /* ditt_pre (macOS) */;
			targetProxy = 5EE1BD31282263C0004513A2 /* PBXContainerItemProxy */;
		};
/* End PBXTargetDependency section */

/* Begin XCBuildConfiguration section */
		5EE1BD3E282263C0004513A2 /* Debug */ = {
			isa = XCBuildConfiguration;
			buildSettings = {
				ALWAYS_SEARCH_USER_PATHS = NO;
				CLANG_ANALYZER_NONNULL = YES;
				CLANG_ANALYZER_NUMBER_OBJECT_CONVERSION = YES_AGGRESSIVE;
				CLANG_CXX_LANGUAGE_STANDARD = "gnu++17";
				CLANG_ENABLE_MODULES = YES;
				CLANG_ENABLE_OBJC_ARC = YES;
				CLANG_ENABLE_OBJC_WEAK = YES;
				CLANG_WARN_BLOCK_CAPTURE_AUTORELEASING = YES;
				CLANG_WARN_BOOL_CONVERSION = YES;
				CLANG_WARN_COMMA = YES;
				CLANG_WARN_CONSTANT_CONVERSION = YES;
				CLANG_WARN_DEPRECATED_OBJC_IMPLEMENTATIONS = YES;
				CLANG_WARN_DIRECT_OBJC_ISA_USAGE = YES_ERROR;
				CLANG_WARN_DOCUMENTATION_COMMENTS = YES;
				CLANG_WARN_EMPTY_BODY = YES;
				CLANG_WARN_ENUM_CONVERSION = YES;
				CLANG_WARN_INFINITE_RECURSION = YES;
				CLANG_WARN_INT_CONVERSION = YES;
				CLANG_WARN_NON_LITERAL_NULL_CONVERSION = YES;
				CLANG_WARN_OBJC_IMPLICIT_RETAIN_SELF = YES;
				CLANG_WARN_OBJC_LITERAL_CONVERSION = YES;
				CLANG_WARN_OBJC_ROOT_CLASS = YES_ERROR;
				CLANG_WARN_QUOTED_INCLUDE_IN_FRAMEWORK_HEADER = YES;
				CLANG_WARN_RANGE_LOOP_ANALYSIS = YES;
				CLANG_WARN_STRICT_PROTOTYPES = YES;
				CLANG_WARN_SUSPICIOUS_MOVE = YES;
				CLANG_WARN_UNGUARDED_AVAILABILITY = YES_AGGRESSIVE;
				CLANG_WARN_UNREACHABLE_CODE = YES;
				CLANG_WARN__DUPLICATE_METHOD_MATCH = YES;
				COPY_PHASE_STRIP = NO;
				DEBUG_INFORMATION_FORMAT = dwarf;
				ENABLE_STRICT_OBJC_MSGSEND = YES;
				ENABLE_TESTABILITY = YES;
				GCC_C_LANGUAGE_STANDARD = gnu11;
				GCC_DYNAMIC_NO_PIC = NO;
				GCC_NO_COMMON_BLOCKS = YES;
				GCC_OPTIMIZATION_LEVEL = 0;
				GCC_PREPROCESSOR_DEFINITIONS = (
					"DEBUG=1",
					"$(inherited)",
				);
				GCC_WARN_64_TO_32_BIT_CONVERSION = YES;
				GCC_WARN_ABOUT_RETURN_TYPE = YES_ERROR;
				GCC_WARN_UNDECLARED_SELECTOR = YES;
				GCC_WARN_UNINITIALIZED_AUTOS = YES_AGGRESSIVE;
				GCC_WARN_UNUSED_FUNCTION = YES;
				GCC_WARN_UNUSED_VARIABLE = YES;
				MTL_ENABLE_DEBUG_INFO = INCLUDE_SOURCE;
				MTL_FAST_MATH = YES;
				ONLY_ACTIVE_ARCH = YES;
				SWIFT_ACTIVE_COMPILATION_CONDITIONS = DEBUG;
				SWIFT_OPTIMIZATION_LEVEL = "-Onone";
			};
			name = Debug;
		};
		5EE1BD3F282263C0004513A2 /* Release */ = {
			isa = XCBuildConfiguration;
			buildSettings = {
				ALWAYS_SEARCH_USER_PATHS = NO;
				CLANG_ANALYZER_NONNULL = YES;
				CLANG_ANALYZER_NUMBER_OBJECT_CONVERSION = YES_AGGRESSIVE;
				CLANG_CXX_LANGUAGE_STANDARD = "gnu++17";
				CLANG_ENABLE_MODULES = YES;
				CLANG_ENABLE_OBJC_ARC = YES;
				CLANG_ENABLE_OBJC_WEAK = YES;
				CLANG_WARN_BLOCK_CAPTURE_AUTORELEASING = YES;
				CLANG_WARN_BOOL_CONVERSION = YES;
				CLANG_WARN_COMMA = YES;
				CLANG_WARN_CONSTANT_CONVERSION = YES;
				CLANG_WARN_DEPRECATED_OBJC_IMPLEMENTATIONS = YES;
				CLANG_WARN_DIRECT_OBJC_ISA_USAGE = YES_ERROR;
				CLANG_WARN_DOCUMENTATION_COMMENTS = YES;
				CLANG_WARN_EMPTY_BODY = YES;
				CLANG_WARN_ENUM_CONVERSION = YES;
				CLANG_WARN_INFINITE_RECURSION = YES;
				CLANG_WARN_INT_CONVERSION = YES;
				CLANG_WARN_NON_LITERAL_NULL_CONVERSION = YES;
				CLANG_WARN_OBJC_IMPLICIT_RETAIN_SELF = YES;
				CLANG_WARN_OBJC_LITERAL_CONVERSION = YES;
				CLANG_WARN_OBJC_ROOT_CLASS = YES_ERROR;
				CLANG_WARN_QUOTED_INCLUDE_IN_FRAMEWORK_HEADER = YES;
				CLANG_WARN_RANGE_LOOP_ANALYSIS = YES;
				CLANG_WARN_STRICT_PROTOTYPES = YES;
				CLANG_WARN_SUSPICIOUS_MOVE = YES;
				CLANG_WARN_UNGUARDED_AVAILABILITY = YES_AGGRESSIVE;
				CLANG_WARN_UNREACHABLE_CODE = YES;
				CLANG_WARN__DUPLICATE_METHOD_MATCH = YES;
				COPY_PHASE_STRIP = NO;
				DEBUG_INFORMATION_FORMAT = "dwarf-with-dsym";
				ENABLE_NS_ASSERTIONS = NO;
				ENABLE_STRICT_OBJC_MSGSEND = YES;
				GCC_C_LANGUAGE_STANDARD = gnu11;
				GCC_NO_COMMON_BLOCKS = YES;
				GCC_WARN_64_TO_32_BIT_CONVERSION = YES;
				GCC_WARN_ABOUT_RETURN_TYPE = YES_ERROR;
				GCC_WARN_UNDECLARED_SELECTOR = YES;
				GCC_WARN_UNINITIALIZED_AUTOS = YES_AGGRESSIVE;
				GCC_WARN_UNUSED_FUNCTION = YES;
				GCC_WARN_UNUSED_VARIABLE = YES;
				MTL_ENABLE_DEBUG_INFO = NO;
				MTL_FAST_MATH = YES;
				SWIFT_COMPILATION_MODE = wholemodule;
				SWIFT_OPTIMIZATION_LEVEL = "-O";
			};
			name = Release;
		};
		5EE1BD41282263C0004513A2 /* Debug */ = {
			isa = XCBuildConfiguration;
			buildSettings = {
				ASSETCATALOG_COMPILER_APPICON_NAME = AppIcon;
				ASSETCATALOG_COMPILER_GLOBAL_ACCENT_COLOR_NAME = AccentColor;
				CODE_SIGN_STYLE = Automatic;
				CURRENT_PROJECT_VERSION = 1;
				DEVELOPMENT_TEAM = 3F333X99RN;
				ENABLE_PREVIEWS = YES;
				GENERATE_INFOPLIST_FILE = YES;
				INFOPLIST_KEY_UIApplicationSceneManifest_Generation = YES;
				INFOPLIST_KEY_UIApplicationSupportsIndirectInputEvents = YES;
				INFOPLIST_KEY_UILaunchScreen_Generation = YES;
				INFOPLIST_KEY_UISupportedInterfaceOrientations_iPad = "UIInterfaceOrientationPortrait UIInterfaceOrientationPortraitUpsideDown UIInterfaceOrientationLandscapeLeft UIInterfaceOrientationLandscapeRight";
				INFOPLIST_KEY_UISupportedInterfaceOrientations_iPhone = "UIInterfaceOrientationPortrait UIInterfaceOrientationLandscapeLeft UIInterfaceOrientationLandscapeRight";
				IPHONEOS_DEPLOYMENT_TARGET = 15.4;
				LD_RUNPATH_SEARCH_PATHS = (
					"$(inherited)",
					"@executable_path/Frameworks",
				);
				MARKETING_VERSION = 1.0;
				PRODUCT_BUNDLE_IDENTIFIER = "tk.ditt-pre";
				PRODUCT_NAME = ditt_pre;
				SDKROOT = iphoneos;
				SWIFT_EMIT_LOC_STRINGS = YES;
				SWIFT_VERSION = 5.0;
				TARGETED_DEVICE_FAMILY = "1,2";
			};
			name = Debug;
		};
		5EE1BD42282263C0004513A2 /* Release */ = {
			isa = XCBuildConfiguration;
			buildSettings = {
				ASSETCATALOG_COMPILER_APPICON_NAME = AppIcon;
				ASSETCATALOG_COMPILER_GLOBAL_ACCENT_COLOR_NAME = AccentColor;
				CODE_SIGN_STYLE = Automatic;
				CURRENT_PROJECT_VERSION = 1;
				DEVELOPMENT_TEAM = 3F333X99RN;
				ENABLE_PREVIEWS = YES;
				GENERATE_INFOPLIST_FILE = YES;
				INFOPLIST_KEY_UIApplicationSceneManifest_Generation = YES;
				INFOPLIST_KEY_UIApplicationSupportsIndirectInputEvents = YES;
				INFOPLIST_KEY_UILaunchScreen_Generation = YES;
				INFOPLIST_KEY_UISupportedInterfaceOrientations_iPad = "UIInterfaceOrientationPortrait UIInterfaceOrientationPortraitUpsideDown UIInterfaceOrientationLandscapeLeft UIInterfaceOrientationLandscapeRight";
				INFOPLIST_KEY_UISupportedInterfaceOrientations_iPhone = "UIInterfaceOrientationPortrait UIInterfaceOrientationLandscapeLeft UIInterfaceOrientationLandscapeRight";
				IPHONEOS_DEPLOYMENT_TARGET = 15.4;
				LD_RUNPATH_SEARCH_PATHS = (
					"$(inherited)",
					"@executable_path/Frameworks",
				);
				MARKETING_VERSION = 1.0;
				PRODUCT_BUNDLE_IDENTIFIER = "tk.ditt-pre";
				PRODUCT_NAME = ditt_pre;
				SDKROOT = iphoneos;
				SWIFT_EMIT_LOC_STRINGS = YES;
				SWIFT_VERSION = 5.0;
				TARGETED_DEVICE_FAMILY = "1,2";
				VALIDATE_PRODUCT = YES;
			};
			name = Release;
		};
		5EE1BD44282263C0004513A2 /* Debug */ = {
			isa = XCBuildConfiguration;
			buildSettings = {
				ASSETCATALOG_COMPILER_APPICON_NAME = AppIcon;
				ASSETCATALOG_COMPILER_GLOBAL_ACCENT_COLOR_NAME = AccentColor;
				CODE_SIGN_ENTITLEMENTS = macOS/macOS.entitlements;
				CODE_SIGN_STYLE = Automatic;
				COMBINE_HIDPI_IMAGES = YES;
				CURRENT_PROJECT_VERSION = 1;
				ENABLE_PREVIEWS = YES;
				GENERATE_INFOPLIST_FILE = YES;
				INFOPLIST_KEY_NSHumanReadableCopyright = "";
				LD_RUNPATH_SEARCH_PATHS = (
					"$(inherited)",
					"@executable_path/../Frameworks",
				);
				MACOSX_DEPLOYMENT_TARGET = 12.0;
				MARKETING_VERSION = 1.0;
				PRODUCT_BUNDLE_IDENTIFIER = "tk.ditt-pre";
				PRODUCT_NAME = ditt_pre;
				SDKROOT = macosx;
				SWIFT_EMIT_LOC_STRINGS = YES;
				SWIFT_VERSION = 5.0;
			};
			name = Debug;
		};
		5EE1BD45282263C0004513A2 /* Release */ = {
			isa = XCBuildConfiguration;
			buildSettings = {
				ASSETCATALOG_COMPILER_APPICON_NAME = AppIcon;
				ASSETCATALOG_COMPILER_GLOBAL_ACCENT_COLOR_NAME = AccentColor;
				CODE_SIGN_ENTITLEMENTS = macOS/macOS.entitlements;
				CODE_SIGN_STYLE = Automatic;
				COMBINE_HIDPI_IMAGES = YES;
				CURRENT_PROJECT_VERSION = 1;
				ENABLE_PREVIEWS = YES;
				GENERATE_INFOPLIST_FILE = YES;
				INFOPLIST_KEY_NSHumanReadableCopyright = "";
				LD_RUNPATH_SEARCH_PATHS = (
					"$(inherited)",
					"@executable_path/../Frameworks",
				);
				MACOSX_DEPLOYMENT_TARGET = 12.0;
				MARKETING_VERSION = 1.0;
				PRODUCT_BUNDLE_IDENTIFIER = "tk.ditt-pre";
				PRODUCT_NAME = ditt_pre;
				SDKROOT = macosx;
				SWIFT_EMIT_LOC_STRINGS = YES;
				SWIFT_VERSION = 5.0;
			};
			name = Release;
		};
		5EE1BD47282263C0004513A2 /* Debug */ = {
			isa = XCBuildConfiguration;
			buildSettings = {
				ALWAYS_EMBED_SWIFT_STANDARD_LIBRARIES = YES;
				CODE_SIGN_STYLE = Automatic;
				CURRENT_PROJECT_VERSION = 1;
				GENERATE_INFOPLIST_FILE = YES;
				IPHONEOS_DEPLOYMENT_TARGET = 15.4;
				MARKETING_VERSION = 1.0;
				PRODUCT_BUNDLE_IDENTIFIER = "tk.Tests-iOS";
				PRODUCT_NAME = "$(TARGET_NAME)";
				SDKROOT = iphoneos;
				SWIFT_EMIT_LOC_STRINGS = NO;
				SWIFT_VERSION = 5.0;
				TARGETED_DEVICE_FAMILY = "1,2";
				TEST_TARGET_NAME = "ditt_pre (iOS)";
			};
			name = Debug;
		};
		5EE1BD48282263C0004513A2 /* Release */ = {
			isa = XCBuildConfiguration;
			buildSettings = {
				ALWAYS_EMBED_SWIFT_STANDARD_LIBRARIES = YES;
				CODE_SIGN_STYLE = Automatic;
				CURRENT_PROJECT_VERSION = 1;
				GENERATE_INFOPLIST_FILE = YES;
				IPHONEOS_DEPLOYMENT_TARGET = 15.4;
				MARKETING_VERSION = 1.0;
				PRODUCT_BUNDLE_IDENTIFIER = "tk.Tests-iOS";
				PRODUCT_NAME = "$(TARGET_NAME)";
				SDKROOT = iphoneos;
				SWIFT_EMIT_LOC_STRINGS = NO;
				SWIFT_VERSION = 5.0;
				TARGETED_DEVICE_FAMILY = "1,2";
				TEST_TARGET_NAME = "ditt_pre (iOS)";
				VALIDATE_PRODUCT = YES;
			};
			name = Release;
		};
		5EE1BD4A282263C0004513A2 /* Debug */ = {
			isa = XCBuildConfiguration;
			buildSettings = {
				ALWAYS_EMBED_SWIFT_STANDARD_LIBRARIES = YES;
				CODE_SIGN_STYLE = Automatic;
				CURRENT_PROJECT_VERSION = 1;
				GENERATE_INFOPLIST_FILE = YES;
				MACOSX_DEPLOYMENT_TARGET = 12.0;
				MARKETING_VERSION = 1.0;
				PRODUCT_BUNDLE_IDENTIFIER = "tk.Tests-macOS";
				PRODUCT_NAME = "$(TARGET_NAME)";
				SDKROOT = macosx;
				SWIFT_EMIT_LOC_STRINGS = NO;
				SWIFT_VERSION = 5.0;
				TEST_TARGET_NAME = "ditt_pre (macOS)";
			};
			name = Debug;
		};
		5EE1BD4B282263C0004513A2 /* Release */ = {
			isa = XCBuildConfiguration;
			buildSettings = {
				ALWAYS_EMBED_SWIFT_STANDARD_LIBRARIES = YES;
				CODE_SIGN_STYLE = Automatic;
				CURRENT_PROJECT_VERSION = 1;
				GENERATE_INFOPLIST_FILE = YES;
				MACOSX_DEPLOYMENT_TARGET = 12.0;
				MARKETING_VERSION = 1.0;
				PRODUCT_BUNDLE_IDENTIFIER = "tk.Tests-macOS";
				PRODUCT_NAME = "$(TARGET_NAME)";
				SDKROOT = macosx;
				SWIFT_EMIT_LOC_STRINGS = NO;
				SWIFT_VERSION = 5.0;
				TEST_TARGET_NAME = "ditt_pre (macOS)";
			};
			name = Release;
		};
/* End XCBuildConfiguration section */

/* Begin XCConfigurationList section */
		5EE1BD0E282263BE004513A2 /* Build configuration list for PBXProject "ditt_pre" */ = {
			isa = XCConfigurationList;
			buildConfigurations = (
				5EE1BD3E282263C0004513A2 /* Debug */,
				5EE1BD3F282263C0004513A2 /* Release */,
			);
			defaultConfigurationIsVisible = 0;
			defaultConfigurationName = Release;
		};
		5EE1BD40282263C0004513A2 /* Build configuration list for PBXNativeTarget "ditt_pre (iOS)" */ = {
			isa = XCConfigurationList;
			buildConfigurations = (
				5EE1BD41282263C0004513A2 /* Debug */,
				5EE1BD42282263C0004513A2 /* Release */,
			);
			defaultConfigurationIsVisible = 0;
			defaultConfigurationName = Release;
		};
		5EE1BD43282263C0004513A2 /* Build configuration list for PBXNativeTarget "ditt_pre (macOS)" */ = {
			isa = XCConfigurationList;
			buildConfigurations = (
				5EE1BD44282263C0004513A2 /* Debug */,
				5EE1BD45282263C0004513A2 /* Release */,
			);
			defaultConfigurationIsVisible = 0;
			defaultConfigurationName = Release;
		};
		5EE1BD46282263C0004513A2 /* Build configuration list for PBXNativeTarget "Tests iOS" */ = {
			isa = XCConfigurationList;
			buildConfigurations = (
				5EE1BD47282263C0004513A2 /* Debug */,
				5EE1BD48282263C0004513A2 /* Release */,
			);
			defaultConfigurationIsVisible = 0;
			defaultConfigurationName = Release;
		};
		5EE1BD49282263C0004513A2 /* Build configuration list for PBXNativeTarget "Tests macOS" */ = {
			isa = XCConfigurationList;
			buildConfigurations = (
				5EE1BD4A282263C0004513A2 /* Debug */,
				5EE1BD4B282263C0004513A2 /* Release */,
			);
			defaultConfigurationIsVisible = 0;
			defaultConfigurationName = Release;
		};
/* End XCConfigurationList section */
	};
	rootObject = 5EE1BD0B282263BE004513A2 /* Project object */;
}
